
Microsoft Visual Studio Solution File, Format Version 12.00
# Visual Studio 15
VisualStudioVersion = 15.0.28307.572
MinimumVisualStudioVersion = 10.0.40219.1
Project("{FAE04EC0-301F-11D3-BF4B-00C04F79EFBC}") = "TrackerLibrary", "TrackerLibrary\TrackerLibrary.csproj", "{9E99F008-6DE3-43AC-9103-976067447E9B}"
EndProject
Project("{FAE04EC0-301F-11D3-BF4B-00C04F79EFBC}") = "TrackerUI", "TrackerUI\TrackerUI.csproj", "{D82ABCB2-24AF-445F-B82E-56ADD14BB28A}"
EndProject
Global
	GlobalSection(SolutionConfigurationPlatforms) = preSolution
		Debug|Any CPU = Debug|Any CPU
		Release|Any CPU = Release|Any CPU
	EndGlobalSection
	GlobalSection(ProjectConfigurationPlatforms) = postSolution
		{9E99F008-6DE3-43AC-9103-976067447E9B}.Debug|Any CPU.ActiveCfg = Debug|Any CPU
		{9E99F008-6DE3-43AC-9103-976067447E9B}.Debug|Any CPU.Build.0 = Debug|Any CPU
		{9E99F008-6DE3-43AC-9103-976067447E9B}.Release|Any CPU.ActiveCfg = Release|Any CPU
		{9E99F008-6DE3-43AC-9103-976067447E9B}.Release|Any CPU.Build.0 = Release|Any CPU
		{D82ABCB2-24AF-445F-B82E-56ADD14BB28A}.Debug|Any CPU.ActiveCfg = Debug|Any CPU
		{D82ABCB2-24AF-445F-B82E-56ADD14BB28A}.Debug|Any CPU.Build.0 = Debug|Any CPU
		{D82ABCB2-24AF-445F-B82E-56ADD14BB28A}.Release|Any CPU.ActiveCfg = Release|Any CPU
		{D82ABCB2-24AF-445F-B82E-56ADD14BB28A}.Release|Any CPU.Build.0 = Release|Any CPU
	EndGlobalSection
	GlobalSection(SolutionProperties) = preSolution
		HideSolutionNode = FALSE
	EndGlobalSection
	GlobalSection(ExtensibilityGlobals) = postSolution
		SolutionGuid = {648F240E-9945-4C83-B3A2-ECF2856A586B}
	EndGlobalSection
EndGlobal
